
Microsoft Visual Studio Solution File, Format Version 12.00
# Visual Studio Version 17
VisualStudioVersion = 17.0.31903.59
MinimumVisualStudioVersion = 10.0.40219.1
Project("{2150E333-8FDC-42A3-9474-1A3956D46DE8}") = "src", "src", "{A2ABEFF3-3A96-454D-BD08-8B6103D3C227}"
EndProject
Project("{FAE04EC0-301F-11D3-BF4B-00C04F79EFBC}") = "IdentityServer", "src\IdentityServer\IdentityServer.csproj", "{899CD56B-340F-4ADF-B7C7-66F2AB01F40D}"
EndProject
Project("{FAE04EC0-301F-11D3-BF4B-00C04F79EFBC}") = "Api", "src\Api\Api.csproj", "{4E51BCCA-2CFE-4719-BED8-68F72DA06383}"
EndProject
Project("{FAE04EC0-301F-11D3-BF4B-00C04F79EFBC}") = "Client", "src\Client\Client.csproj", "{07613137-8A31-4318-92CF-16973ADEC214}"
EndProject
Project("{FAE04EC0-301F-11D3-BF4B-00C04F79EFBC}") = "MvcClient", "src\MvcClient\MvcClient.csproj", "{6448960C-F2F3-480C-824B-97B5C7C81532}"
EndProject
Global
	GlobalSection(SolutionConfigurationPlatforms) = preSolution
		Debug|Any CPU = Debug|Any CPU
		Release|Any CPU = Release|Any CPU
	EndGlobalSection
	GlobalSection(SolutionProperties) = preSolution
		HideSolutionNode = FALSE
	EndGlobalSection
	GlobalSection(ProjectConfigurationPlatforms) = postSolution
		{899CD56B-340F-4ADF-B7C7-66F2AB01F40D}.Debug|Any CPU.ActiveCfg = Debug|Any CPU
		{899CD56B-340F-4ADF-B7C7-66F2AB01F40D}.Debug|Any CPU.Build.0 = Debug|Any CPU
		{899CD56B-340F-4ADF-B7C7-66F2AB01F40D}.Release|Any CPU.ActiveCfg = Release|Any CPU
		{899CD56B-340F-4ADF-B7C7-66F2AB01F40D}.Release|Any CPU.Build.0 = Release|Any CPU
		{4E51BCCA-2CFE-4719-BED8-68F72DA06383}.Debug|Any CPU.ActiveCfg = Debug|Any CPU
		{4E51BCCA-2CFE-4719-BED8-68F72DA06383}.Debug|Any CPU.Build.0 = Debug|Any CPU
		{4E51BCCA-2CFE-4719-BED8-68F72DA06383}.Release|Any CPU.ActiveCfg = Release|Any CPU
		{4E51BCCA-2CFE-4719-BED8-68F72DA06383}.Release|Any CPU.Build.0 = Release|Any CPU
		{07613137-8A31-4318-92CF-16973ADEC214}.Debug|Any CPU.ActiveCfg = Debug|Any CPU
		{07613137-8A31-4318-92CF-16973ADEC214}.Debug|Any CPU.Build.0 = Debug|Any CPU
		{07613137-8A31-4318-92CF-16973ADEC214}.Release|Any CPU.ActiveCfg = Release|Any CPU
		{07613137-8A31-4318-92CF-16973ADEC214}.Release|Any CPU.Build.0 = Release|Any CPU
		{6448960C-F2F3-480C-824B-97B5C7C81532}.Debug|Any CPU.ActiveCfg = Debug|Any CPU
		{6448960C-F2F3-480C-824B-97B5C7C81532}.Debug|Any CPU.Build.0 = Debug|Any CPU
		{6448960C-F2F3-480C-824B-97B5C7C81532}.Release|Any CPU.ActiveCfg = Release|Any CPU
		{6448960C-F2F3-480C-824B-97B5C7C81532}.Release|Any CPU.Build.0 = Release|Any CPU
	EndGlobalSection
	GlobalSection(NestedProjects) = preSolution
		{899CD56B-340F-4ADF-B7C7-66F2AB01F40D} = {A2ABEFF3-3A96-454D-BD08-8B6103D3C227}
		{4E51BCCA-2CFE-4719-BED8-68F72DA06383} = {A2ABEFF3-3A96-454D-BD08-8B6103D3C227}
		{07613137-8A31-4318-92CF-16973ADEC214} = {A2ABEFF3-3A96-454D-BD08-8B6103D3C227}
		{6448960C-F2F3-480C-824B-97B5C7C81532} = {A2ABEFF3-3A96-454D-BD08-8B6103D3C227}
	EndGlobalSection
EndGlobal
